// !$*UTF8*$!
{
	archiveVersion = 1;
	classes = {
	};
	objectVersion = 50;
	objects = {

/* Begin PBXBuildFile section */
		277A86A721D08E3F00F45901 /* AppDelegate.m in Sources */ = {isa = PBXBuildFile; fileRef = 277A86A621D08E3F00F45901 /* AppDelegate.m */; };
		277A86AA21D08E3F00F45901 /* ViewController.m in Sources */ = {isa = PBXBuildFile; fileRef = 277A86A921D08E3F00F45901 /* ViewController.m */; };
		277A86AD21D08E3F00F45901 /* Main.storyboard in Resources */ = {isa = PBXBuildFile; fileRef = 277A86AB21D08E3F00F45901 /* Main.storyboard */; };
		277A86AF21D08E4800F45901 /* Assets.xcassets in Resources */ = {isa = PBXBuildFile; fileRef = 277A86AE21D08E4800F45901 /* Assets.xcassets */; };
		277A86B221D08E4800F45901 /* LaunchScreen.storyboard in Resources */ = {isa = PBXBuildFile; fileRef = 277A86B021D08E4800F45901 /* LaunchScreen.storyboard */; };
		277A86B521D08E4800F45901 /* main.m in Sources */ = {isa = PBXBuildFile; fileRef = 277A86B421D08E4800F45901 /* main.m */; };
		277A86C321D0A8E800F45901 /* Localizable.strings in Resources */ = {isa = PBXBuildFile; fileRef = 277A86C521D0A8E800F45901 /* Localizable.strings */; };
/* End PBXBuildFile section */

/* Begin PBXFileReference section */
		277A86A221D08E3D00F45901 /* LanguageChange.app */ = {isa = PBXFileReference; explicitFileType = wrapper.application; includeInIndex = 0; path = LanguageChange.app; sourceTree = BUILT_PRODUCTS_DIR; };
		277A86A521D08E3E00F45901 /* AppDelegate.h */ = {isa = PBXFileReference; lastKnownFileType = sourcecode.c.h; path = AppDelegate.h; sourceTree = "<group>"; };
		277A86A621D08E3F00F45901 /* AppDelegate.m */ = {isa = PBXFileReference; lastKnownFileType = sourcecode.c.objc; path = AppDelegate.m; sourceTree = "<group>"; };
		277A86A821D08E3F00F45901 /* ViewController.h */ = {isa = PBXFileReference; lastKnownFileType = sourcecode.c.h; path = ViewController.h; sourceTree = "<group>"; };
		277A86A921D08E3F00F45901 /* ViewController.m */ = {isa = PBXFileReference; lastKnownFileType = sourcecode.c.objc; path = ViewController.m; sourceTree = "<group>"; };
		277A86AC21D08E3F00F45901 /* Base */ = {isa = PBXFileReference; lastKnownFileType = file.storyboard; name = Base; path = Base.lproj/Main.storyboard; sourceTree = "<group>"; };
		277A86AE21D08E4800F45901 /* Assets.xcassets */ = {isa = PBXFileReference; lastKnownFileType = folder.assetcatalog; path = Assets.xcassets; sourceTree = "<group>"; };
		277A86B121D08E4800F45901 /* Base */ = {isa = PBXFileReference; lastKnownFileType = file.storyboard; name = Base; path = Base.lproj/LaunchScreen.storyboard; sourceTree = "<group>"; };
		277A86B321D08E4800F45901 /* Info.plist */ = {isa = PBXFileReference; lastKnownFileType = text.plist.xml; path = Info.plist; sourceTree = "<group>"; };
		277A86B421D08E4800F45901 /* main.m */ = {isa = PBXFileReference; lastKnownFileType = sourcecode.c.objc; path = main.m; sourceTree = "<group>"; };
		277A86BF21D0A89F00F45901 /* zh-Hans */ = {isa = PBXFileReference; lastKnownFileType = text.plist.strings; name = "zh-Hans"; path = "zh-Hans.lproj/Main.strings"; sourceTree = "<group>"; };
		277A86C021D0A89F00F45901 /* zh-Hans */ = {isa = PBXFileReference; lastKnownFileType = text.plist.strings; name = "zh-Hans"; path = "zh-Hans.lproj/LaunchScreen.strings"; sourceTree = "<group>"; };
		277A86C121D0A8BA00F45901 /* zh-Hant */ = {isa = PBXFileReference; lastKnownFileType = text.plist.strings; name = "zh-Hant"; path = "zh-Hant.lproj/Main.strings"; sourceTree = "<group>"; };
		277A86C221D0A8BA00F45901 /* zh-Hant */ = {isa = PBXFileReference; lastKnownFileType = text.plist.strings; name = "zh-Hant"; path = "zh-Hant.lproj/LaunchScreen.strings"; sourceTree = "<group>"; };
		277A86C421D0A8E800F45901 /* en */ = {isa = PBXFileReference; lastKnownFileType = text.plist.strings; name = en; path = en.lproj/Localizable.strings; sourceTree = "<group>"; };
		277A86C621D0A8FA00F45901 /* zh-Hans */ = {isa = PBXFileReference; lastKnownFileType = text.plist.strings; name = "zh-Hans"; path = "zh-Hans.lproj/Localizable.strings"; sourceTree = "<group>"; };
		277A86C721D0A8FC00F45901 /* zh-Hant */ = {isa = PBXFileReference; lastKnownFileType = text.plist.strings; name = "zh-Hant"; path = "zh-Hant.lproj/Localizable.strings"; sourceTree = "<group>"; };
/* End PBXFileReference section */

/* Begin PBXFrameworksBuildPhase section */
		277A869F21D08E3D00F45901 /* Frameworks */ = {
			isa = PBXFrameworksBuildPhase;
			buildActionMask = 2147483647;
			files = (
			);
			runOnlyForDeploymentPostprocessing = 0;
		};
/* End PBXFrameworksBuildPhase section */

/* Begin PBXGroup section */
		277A869921D08E3D00F45901 = {
			isa = PBXGroup;
			children = (
				277A86C521D0A8E800F45901 /* Localizable.strings */,
				277A86A421D08E3D00F45901 /* LanguageChange */,
				277A86A321D08E3D00F45901 /* Products */,
			);
			sourceTree = "<group>";
		};
		277A86A321D08E3D00F45901 /* Products */ = {
			isa = PBXGroup;
			children = (
				277A86A221D08E3D00F45901 /* LanguageChange.app */,
			);
			name = Products;
			sourceTree = "<group>";
		};
		277A86A421D08E3D00F45901 /* LanguageChange */ = {
			isa = PBXGroup;
			children = (
				277A86A521D08E3E00F45901 /* AppDelegate.h */,
				277A86A621D08E3F00F45901 /* AppDelegate.m */,
				277A86A821D08E3F00F45901 /* ViewController.h */,
				277A86A921D08E3F00F45901 /* ViewController.m */,
				277A86AB21D08E3F00F45901 /* Main.storyboard */,
				277A86AE21D08E4800F45901 /* Assets.xcassets */,
				277A86B021D08E4800F45901 /* LaunchScreen.storyboard */,
				277A86B321D08E4800F45901 /* Info.plist */,
				277A86B421D08E4800F45901 /* main.m */,
			);
			path = LanguageChange;
			sourceTree = "<group>";
		};
/* End PBXGroup section */

/* Begin PBXNativeTarget section */
		277A86A121D08E3D00F45901 /* LanguageChange */ = {
			isa = PBXNativeTarget;
			buildConfigurationList = 277A86B821D08E4800F45901 /* Build configuration list for PBXNativeTarget "LanguageChange" */;
			buildPhases = (
				277A869E21D08E3D00F45901 /* Sources */,
				277A869F21D08E3D00F45901 /* Frameworks */,
				277A86A021D08E3D00F45901 /* Resources */,
			);
			buildRules = (
			);
			dependencies = (
			);
			name = LanguageChange;
			productName = LanguageChange;
			productReference = 277A86A221D08E3D00F45901 /* LanguageChange.app */;
			productType = "com.apple.product-type.application";
		};
/* End PBXNativeTarget section */

/* Begin PBXProject section */
		277A869A21D08E3D00F45901 /* Project object */ = {
			isa = PBXProject;
			attributes = {
				LastUpgradeCheck = 0930;
				ORGANIZATIONNAME = "冀凯旋";
				TargetAttributes = {
					277A86A121D08E3D00F45901 = {
						CreatedOnToolsVersion = 9.3;
					};
				};
			};
			buildConfigurationList = 277A869D21D08E3D00F45901 /* Build configuration list for PBXProject "LanguageChange" */;
			compatibilityVersion = "Xcode 9.3";
			developmentRegion = en;
			hasScannedForEncodings = 0;
			knownRegions = (
				en,
				Base,
				"zh-Hans",
				"zh-Hant",
			);
			mainGroup = 277A869921D08E3D00F45901;
			productRefGroup = 277A86A321D08E3D00F45901 /* Products */;
			projectDirPath = "";
			projectRoot = "";
			targets = (
				277A86A121D08E3D00F45901 /* LanguageChange */,
			);
		};
/* End PBXProject section */

/* Begin PBXResourcesBuildPhase section */
		277A86A021D08E3D00F45901 /* Resources */ = {
			isa = PBXResourcesBuildPhase;
			buildActionMask = 2147483647;
			files = (
				277A86C321D0A8E800F45901 /* Localizable.strings in Resources */,
				277A86B221D08E4800F45901 /* LaunchScreen.storyboard in Resources */,
				277A86AF21D08E4800F45901 /* Assets.xcassets in Resources */,
				277A86AD21D08E3F00F45901 /* Main.storyboard in Resources */,
			);
			runOnlyForDeploymentPostprocessing = 0;
		};
/* End PBXResourcesBuildPhase section */

/* Begin PBXSourcesBuildPhase section */
		277A869E21D08E3D00F45901 /* Sources */ = {
			isa = PBXSourcesBuildPhase;
			buildActionMask = 2147483647;
			files = (
				277A86AA21D08E3F00F45901 /* ViewController.m in Sources */,
				277A86B521D08E4800F45901 /* main.m in Sources */,
				277A86A721D08E3F00F45901 /* AppDelegate.m in Sources */,
			);
			runOnlyForDeploymentPostprocessing = 0;
		};
/* End PBXSourcesBuildPhase section */

/* Begin PBXVariantGroup section */
		277A86AB21D08E3F00F45901 /* Main.storyboard */ = {
			isa = PBXVariantGroup;
			children = (
				277A86AC21D08E3F00F45901 /* Base */,
				277A86BF21D0A89F00F45901 /* zh-Hans */,
				277A86C121D0A8BA00F45901 /* zh-Hant */,
			);
			name = Main.storyboard;
			sourceTree = "<group>";
		};
		277A86B021D08E4800F45901 /* LaunchScreen.storyboard */ = {
			isa = PBXVariantGroup;
			children = (
				277A86B121D08E4800F45901 /* Base */,
				277A86C021D0A89F00F45901 /* zh-Hans */,
				277A86C221D0A8BA00F45901 /* zh-Hant */,
			);
			name = LaunchScreen.storyboard;
			sourceTree = "<group>";
		};
		277A86C521D0A8E800F45901 /* Localizable.strings */ = {
			isa = PBXVariantGroup;
			children = (
				277A86C421D0A8E800F45901 /* en */,
				277A86C621D0A8FA00F45901 /* zh-Hans */,
				277A86C721D0A8FC00F45901 /* zh-Hant */,
			);
			name = Localizable.strings;
			path = LanguageChange;
			sourceTree = "<group>";
		};
/* End PBXVariantGroup section */

/* Begin XCBuildConfiguration section */
		277A86B621D08E4800F45901 /* Debug */ = {
			isa = XCBuildConfiguration;
			buildSettings = {
				ALWAYS_SEARCH_USER_PATHS = NO;
				CLANG_ANALYZER_LOCALIZABILITY_NONLOCALIZED = YES;
				CLANG_ANALYZER_NONNULL = YES;
				CLANG_ANALYZER_NUMBER_OBJECT_CONVERSION = YES_AGGRESSIVE;
				CLANG_CXX_LANGUAGE_STANDARD = "gnu++14";
				CLANG_CXX_LIBRARY = "libc++";
				CLANG_ENABLE_MODULES = YES;
				CLANG_ENABLE_OBJC_ARC = YES;
				CLANG_ENABLE_OBJC_WEAK = YES;
				CLANG_WARN_BLOCK_CAPTURE_AUTORELEASING = YES;
				CLANG_WARN_BOOL_CONVERSION = YES;
				CLANG_WARN_COMMA = YES;
				CLANG_WARN_CONSTANT_CONVERSION = YES;
				CLANG_WARN_DEPRECATED_OBJC_IMPLEMENTATIONS = YES;
				CLANG_WARN_DIRECT_OBJC_ISA_USAGE = YES_ERROR;
				CLANG_WARN_DOCUMENTATION_COMMENTS = YES;
				CLANG_WARN_EMPTY_BODY = YES;
				CLANG_WARN_ENUM_CONVERSION = YES;
				CLANG_WARN_INFINITE_RECURSION = YES;
				CLANG_WARN_INT_CONVERSION = YES;
				CLANG_WARN_NON_LITERAL_NULL_CONVERSION = YES;
				CLANG_WARN_OBJC_IMPLICIT_RETAIN_SELF = YES;
				CLANG_WARN_OBJC_LITERAL_CONVERSION = YES;
				CLANG_WARN_OBJC_ROOT_CLASS = YES_ERROR;
				CLANG_WARN_RANGE_LOOP_ANALYSIS = YES;
				CLANG_WARN_STRICT_PROTOTYPES = YES;
				CLANG_WARN_SUSPICIOUS_MOVE = YES;
				CLANG_WARN_UNGUARDED_AVAILABILITY = YES_AGGRESSIVE;
				CLANG_WARN_UNREACHABLE_CODE = YES;
				CLANG_WARN__DUPLICATE_METHOD_MATCH = YES;
				CODE_SIGN_IDENTITY = "iPhone Developer";
				COPY_PHASE_STRIP = NO;
				DEBUG_INFORMATION_FORMAT = dwarf;
				ENABLE_STRICT_OBJC_MSGSEND = YES;
				ENABLE_TESTABILITY = YES;
				GCC_C_LANGUAGE_STANDARD = gnu11;
				GCC_DYNAMIC_NO_PIC = NO;
				GCC_NO_COMMON_BLOCKS = YES;
				GCC_OPTIMIZATION_LEVEL = 0;
				GCC_PREPROCESSOR_DEFINITIONS = (
					"DEBUG=1",
					"$(inherited)",
				);
				GCC_WARN_64_TO_32_BIT_CONVERSION = YES;
				GCC_WARN_ABOUT_RETURN_TYPE = YES_ERROR;
				GCC_WARN_UNDECLARED_SELECTOR = YES;
				GCC_WARN_UNINITIALIZED_AUTOS = YES_AGGRESSIVE;
				GCC_WARN_UNUSED_FUNCTION = YES;
				GCC_WARN_UNUSED_VARIABLE = YES;
				IPHONEOS_DEPLOYMENT_TARGET = 11.3;
				MTL_ENABLE_DEBUG_INFO = YES;
				ONLY_ACTIVE_ARCH = YES;
				SDKROOT = iphoneos;
			};
			name = Debug;
		};
		277A86B721D08E4800F45901 /* Release */ = {
			isa = XCBuildConfiguration;
			buildSettings = {
				ALWAYS_SEARCH_USER_PATHS = NO;
				CLANG_ANALYZER_LOCALIZABILITY_NONLOCALIZED = YES;
				CLANG_ANALYZER_NONNULL = YES;
				CLANG_ANALYZER_NUMBER_OBJECT_CONVERSION = YES_AGGRESSIVE;
				CLANG_CXX_LANGUAGE_STANDARD = "gnu++14";
				CLANG_CXX_LIBRARY = "libc++";
				CLANG_ENABLE_MODULES = YES;
				CLANG_ENABLE_OBJC_ARC = YES;
				CLANG_ENABLE_OBJC_WEAK = YES;
				CLANG_WARN_BLOCK_CAPTURE_AUTORELEASING = YES;
				CLANG_WARN_BOOL_CONVERSION = YES;
				CLANG_WARN_COMMA = YES;
				CLANG_WARN_CONSTANT_CONVERSION = YES;
				CLANG_WARN_DEPRECATED_OBJC_IMPLEMENTATIONS = YES;
				CLANG_WARN_DIRECT_OBJC_ISA_USAGE = YES_ERROR;
				CLANG_WARN_DOCUMENTATION_COMMENTS = YES;
				CLANG_WARN_EMPTY_BODY = YES;
				CLANG_WARN_ENUM_CONVERSION = YES;
				CLANG_WARN_INFINITE_RECURSION = YES;
				CLANG_WARN_INT_CONVERSION = YES;
				CLANG_WARN_NON_LITERAL_NULL_CONVERSION = YES;
				CLANG_WARN_OBJC_IMPLICIT_RETAIN_SELF = YES;
				CLANG_WARN_OBJC_LITERAL_CONVERSION = YES;
				CLANG_WARN_OBJC_ROOT_CLASS = YES_ERROR;
				CLANG_WARN_RANGE_LOOP_ANALYSIS = YES;
				CLANG_WARN_STRICT_PROTOTYPES = YES;
				CLANG_WARN_SUSPICIOUS_MOVE = YES;
				CLANG_WARN_UNGUARDED_AVAILABILITY = YES_AGGRESSIVE;
				CLANG_WARN_UNREACHABLE_CODE = YES;
				CLANG_WARN__DUPLICATE_METHOD_MATCH = YES;
				CODE_SIGN_IDENTITY = "iPhone Developer";
				COPY_PHASE_STRIP = NO;
				DEBUG_INFORMATION_FORMAT = "dwarf-with-dsym";
				ENABLE_NS_ASSERTIONS = NO;
				ENABLE_STRICT_OBJC_MSGSEND = YES;
				GCC_C_LANGUAGE_STANDARD = gnu11;
				GCC_NO_COMMON_BLOCKS = YES;
				GCC_WARN_64_TO_32_BIT_CONVERSION = YES;
				GCC_WARN_ABOUT_RETURN_TYPE = YES_ERROR;
				GCC_WARN_UNDECLARED_SELECTOR = YES;
				GCC_WARN_UNINITIALIZED_AUTOS = YES_AGGRESSIVE;
				GCC_WARN_UNUSED_FUNCTION = YES;
				GCC_WARN_UNUSED_VARIABLE = YES;
				IPHONEOS_DEPLOYMENT_TARGET = 11.3;
				MTL_ENABLE_DEBUG_INFO = NO;
				SDKROOT = iphoneos;
				VALIDATE_PRODUCT = YES;
			};
			name = Release;
		};
		277A86B921D08E4800F45901 /* Debug */ = {
			isa = XCBuildConfiguration;
			buildSettings = {
				ASSETCATALOG_COMPILER_APPICON_NAME = AppIcon;
				CODE_SIGN_STYLE = Automatic;
				INFOPLIST_FILE = LanguageChange/Info.plist;
				LD_RUNPATH_SEARCH_PATHS = (
					"$(inherited)",
					"@executable_path/Frameworks",
				);
				PRODUCT_BUNDLE_IDENTIFIER = Alexji.LanguageChange;
				PRODUCT_NAME = "$(TARGET_NAME)";
				TARGETED_DEVICE_FAMILY = "1,2";
			};
			name = Debug;
		};
		277A86BA21D08E4800F45901 /* Release */ = {
			isa = XCBuildConfiguration;
			buildSettings = {
				ASSETCATALOG_COMPILER_APPICON_NAME = AppIcon;
				CODE_SIGN_STYLE = Automatic;
				INFOPLIST_FILE = LanguageChange/Info.plist;
				LD_RUNPATH_SEARCH_PATHS = (
					"$(inherited)",
					"@executable_path/Frameworks",
				);
				PRODUCT_BUNDLE_IDENTIFIER = Alexji.LanguageChange;
				PRODUCT_NAME = "$(TARGET_NAME)";
				TARGETED_DEVICE_FAMILY = "1,2";
			};
			name = Release;
		};
/* End XCBuildConfiguration section */

/* Begin XCConfigurationList section */
		277A869D21D08E3D00F45901 /* Build configuration list for PBXProject "LanguageChange" */ = {
			isa = XCConfigurationList;
			buildConfigurations = (
				277A86B621D08E4800F45901 /* Debug */,
				277A86B721D08E4800F45901 /* Release */,
			);
			defaultConfigurationIsVisible = 0;
			defaultConfigurationName = Release;
		};
		277A86B821D08E4800F45901 /* Build configuration list for PBXNativeTarget "LanguageChange" */ = {
			isa = XCConfigurationList;
			buildConfigurations = (
				277A86B921D08E4800F45901 /* Debug */,
				277A86BA21D08E4800F45901 /* Release */,
			);
			defaultConfigurationIsVisible = 0;
			defaultConfigurationName = Release;
		};
/* End XCConfigurationList section */
	};
	rootObject = 277A869A21D08E3D00F45901 /* Project object */;
}
